
Microsoft Visual Studio Solution File, Format Version 12.00
# Visual Studio Version 17
VisualStudioVersion = 17.5.33516.290
MinimumVisualStudioVersion = 10.0.40219.1
Project("{2150E333-8FDC-42A3-9474-1A3956D46DE8}") = "ITMO.WinCSCourse2023.WinForm", "ITMO.WinCSCourse2023.WinForm", "{94443126-7112-42B8-BB41-67D452449782}"
EndProject
Project("{2150E333-8FDC-42A3-9474-1A3956D46DE8}") = "ITMO.WinCSCourse2023.WinFormCalculator", "ITMO.WinCSCourse2023.WinFormCalculator", "{A2F785CE-3837-447C-AB72-E16D4ED1F84C}"
	ProjectSection(SolutionItems) = preProject
		ITMO.WinCSCourse2023.WinFormCalculator\Calculator.sln = ITMO.WinCSCourse2023.WinFormCalculator\Calculator.sln
	EndProjectSection
EndProject
Project("{2150E333-8FDC-42A3-9474-1A3956D46DE8}") = "ITMO.WinCSCourse2023.WPF", "ITMO.WinCSCourse2023.WPF", "{B0BA5731-23CF-4201-8321-ABD118DB75B5}"
EndProject
Project("{FAE04EC0-301F-11D3-BF4B-00C04F79EFBC}") = "Calculator", "ITMO.WinCSCourse2023.WinFormCalculator\Calculator.csproj", "{A27CBA1C-371A-4708-BB01-9848A8B50505}"
EndProject
Project("{2150E333-8FDC-42A3-9474-1A3956D46DE8}") = "ITMO.WinCSCourse2023.WinForm.Lab3", "ITMO.WinCSCourse2023.WinForm.Lab3", "{A50509E6-90E5-4985-9D1D-8A562A3CFC9E}"
	ProjectSection(SolutionItems) = preProject
		ITMO.WinCSCourse2023.WinForm\ITMO.WinCSCourse2023.WinForm.Lab3\ITMO.WinCSCourse2023.WinForm.Lab3.sln = ITMO.WinCSCourse2023.WinForm\ITMO.WinCSCourse2023.WinForm.Lab3\ITMO.WinCSCourse2023.WinForm.Lab3.sln
	EndProjectSection
EndProject
Project("{2150E333-8FDC-42A3-9474-1A3956D46DE8}") = "ITMO.WinCSCourse2023.WinForm.Lab2", "ITMO.WinCSCourse2023.WinForm.Lab2", "{1513F31E-F0DB-4F08-ACBF-1FE8054E1600}"
	ProjectSection(SolutionItems) = preProject
		ITMO.WinCSCourse2023.WinForm\ITMO.WinCSCourse2023.WinForm.Lab2\ITMO.WinCSCourse2023.WinForm.Lab2.sln = ITMO.WinCSCourse2023.WinForm\ITMO.WinCSCourse2023.WinForm.Lab2\ITMO.WinCSCourse2023.WinForm.Lab2.sln
	EndProjectSection
EndProject
Project("{2150E333-8FDC-42A3-9474-1A3956D46DE8}") = "ITMO.WinCSCourse2023.WinForm.Lab1", "ITMO.WinCSCourse2023.WinForm.Lab1", "{D70764CA-E3CB-47A0-9EFD-0980A6160606}"
	ProjectSection(SolutionItems) = preProject
		ITMO.WinCSCourse2023.WinForm\ITMO.WinCSCourse2023.WinForm.Lab1\ITMO.WinCSCourse2023.WinForm.Lab1.sln = ITMO.WinCSCourse2023.WinForm\ITMO.WinCSCourse2023.WinForm.Lab1\ITMO.WinCSCourse2023.WinForm.Lab1.sln
	EndProjectSection
EndProject
Project("{FAE04EC0-301F-11D3-BF4B-00C04F79EFBC}") = "ITMO.WinCSCourse2023.WinForm.Lab1.Exercise1", "ITMO.WinCSCourse2023.WinForm\ITMO.WinCSCourse2023.WinForm.Lab1\ITMO.WinCSCourse2023.WinForm.Lab1.Exercise1\ITMO.WinCSCourse2023.WinForm.Lab1.Exercise1.csproj", "{7F7263E5-3F2C-4191-91B0-9A7991AD5FCB}"
EndProject
Project("{FAE04EC0-301F-11D3-BF4B-00C04F79EFBC}") = "ITMO.WinCSCourse2023.WinForm.Lab1.Exercise2", "ITMO.WinCSCourse2023.WinForm\ITMO.WinCSCourse2023.WinForm.Lab1\ITMO.WinCSCourse2023.WinForm.Lab1.Exercise2\ITMO.WinCSCourse2023.WinForm.Lab1.Exercise2.csproj", "{0BC9EE17-10A0-491E-8C2F-7FCADB506C21}"
EndProject
Project("{FAE04EC0-301F-11D3-BF4B-00C04F79EFBC}") = "ITMO.WinCSCourse2023.WinForm.Lab1.Exercise3", "ITMO.WinCSCourse2023.WinForm\ITMO.WinCSCourse2023.WinForm.Lab1\ITMO.WinCSCourse2023.WinForm.Lab1.Exercise3\ITMO.WinCSCourse2023.WinForm.Lab1.Exercise3.csproj", "{49E29CD7-9F5C-4CDE-9570-B94BA8D3BA49}"
EndProject
Project("{FAE04EC0-301F-11D3-BF4B-00C04F79EFBC}") = "ITMO.WinCSCourse2023.WinForm.Lab1.Exercise4", "ITMO.WinCSCourse2023.WinForm\ITMO.WinCSCourse2023.WinForm.Lab1\ITMO.WinCSCourse2023.WinForm.Lab1.Exercise4\ITMO.WinCSCourse2023.WinForm.Lab1.Exercise4.csproj", "{41AB875C-E165-42B1-8F8B-D351D928E2EA}"
EndProject
Project("{FAE04EC0-301F-11D3-BF4B-00C04F79EFBC}") = "ITMO.WinCSCourse2023.WinForm.Lab1.Exercise5.1", "ITMO.WinCSCourse2023.WinForm\ITMO.WinCSCourse2023.WinForm.Lab1\ITMO.WinCSCourse2023.WinForm.Lab1.Exercise5e1\ITMO.WinCSCourse2023.WinForm.Lab1.Exercise5.1.csproj", "{17E3408E-503E-4269-8064-3CEC16E1ACBC}"
EndProject
Project("{FAE04EC0-301F-11D3-BF4B-00C04F79EFBC}") = "ITMO.WinCSCourse2023.WinForm.Lab1.Exercise5.2", "ITMO.WinCSCourse2023.WinForm\ITMO.WinCSCourse2023.WinForm.Lab1\ITMO.WinCSCourse2023.WinForm.Lab1.Exercise5e2\ITMO.WinCSCourse2023.WinForm.Lab1.Exercise5.2.csproj", "{F2C363F7-8EF4-4084-B326-947E70DAB49C}"
EndProject
Project("{FAE04EC0-301F-11D3-BF4B-00C04F79EFBC}") = "ITMO.WinCSCourse2023.WinForm.Lab2.Exercise1", "ITMO.WinCSCourse2023.WinForm\ITMO.WinCSCourse2023.WinForm.Lab2\ITMO.WinCSCourse2023.WinForm.Lab2.Exercise1\ITMO.WinCSCourse2023.WinForm.Lab2.Exercise1.csproj", "{74103921-C065-4E79-B675-5C4A56AF81FB}"
EndProject
Project("{FAE04EC0-301F-11D3-BF4B-00C04F79EFBC}") = "ITMO.WinCSCourse2023.WinForm.Lab2.Exercise2", "ITMO.WinCSCourse2023.WinForm\ITMO.WinCSCourse2023.WinForm.Lab2\ITMO.WinCSCourse2023.WinForm.Lab2.Exercise2\ITMO.WinCSCourse2023.WinForm.Lab2.Exercise2.csproj", "{4CA6B163-564C-4170-9A4F-7EAF81C67CA1}"
EndProject
Project("{FAE04EC0-301F-11D3-BF4B-00C04F79EFBC}") = "ITMO.WinCSCourse2023.WinForm.Lab2.Exercise3", "ITMO.WinCSCourse2023.WinForm\ITMO.WinCSCourse2023.WinForm.Lab2\ITMO.WinCSCourse2023.WinForm.Lab2.Exercise3\ITMO.WinCSCourse2023.WinForm.Lab2.Exercise3.csproj", "{AEF7E0FF-D147-4D58-ADF5-E8ED6953D583}"
EndProject
Project("{FAE04EC0-301F-11D3-BF4B-00C04F79EFBC}") = "ITMO.WinCSCourse2023.WinForm.Lab2.Exercise4", "ITMO.WinCSCourse2023.WinForm\ITMO.WinCSCourse2023.WinForm.Lab2\ITMO.WinCSCourse2023.WinForm.Lab2.Exercise4\ITMO.WinCSCourse2023.WinForm.Lab2.Exercise4.csproj", "{BA67EB16-8C5B-4572-8ED8-C0E89A90226D}"
EndProject
Project("{FAE04EC0-301F-11D3-BF4B-00C04F79EFBC}") = "ITMO.WinCSCourse2023.WinForm.Lab2.Exercise5", "ITMO.WinCSCourse2023.WinForm\ITMO.WinCSCourse2023.WinForm.Lab2\ITMO.WinCSCourse2023.WinForm.Lab2.Exercise5\ITMO.WinCSCourse2023.WinForm.Lab2.Exercise5.csproj", "{69241D53-2839-4B46-A5A1-338E3E718BD3}"
EndProject
Project("{FAE04EC0-301F-11D3-BF4B-00C04F79EFBC}") = "ITMO.WinCSCourse2023.WinForm.Lab2.Exercise6", "ITMO.WinCSCourse2023.WinForm\ITMO.WinCSCourse2023.WinForm.Lab2\ITMO.WinCSCourse2023.WinForm.Lab2.Exercise6\ITMO.WinCSCourse2023.WinForm.Lab2.Exercise6.csproj", "{A97CB7B5-4257-4CC5-81DB-106D220B369A}"
EndProject
Project("{FAE04EC0-301F-11D3-BF4B-00C04F79EFBC}") = "ITMO.WinCSCourse2023.WinForm.Lab2.Exercise7", "ITMO.WinCSCourse2023.WinForm\ITMO.WinCSCourse2023.WinForm.Lab2\ITMO.WinCSCourse2023.WinForm.Lab2.Exercise7\ITMO.WinCSCourse2023.WinForm.Lab2.Exercise7.csproj", "{E672C53A-C825-499B-8906-5F6F930D15BA}"
EndProject
Project("{FAE04EC0-301F-11D3-BF4B-00C04F79EFBC}") = "ITMO.WinCSCourse2023.WinForm.Lab2.Exercise8", "ITMO.WinCSCourse2023.WinForm\ITMO.WinCSCourse2023.WinForm.Lab2\ITMO.WinCSCourse2023.WinForm.Lab2.Exercise8\ITMO.WinCSCourse2023.WinForm.Lab2.Exercise8.csproj", "{7ABB2677-F6F8-43E3-9712-CD8E8E3662A5}"
EndProject
Project("{FAE04EC0-301F-11D3-BF4B-00C04F79EFBC}") = "ITMO.WinCSCourse2023.WinForm.Lab2.Exercise9", "ITMO.WinCSCourse2023.WinForm\ITMO.WinCSCourse2023.WinForm.Lab2\ITMO.WinCSCourse2023.WinForm.Lab2.Exercise9\ITMO.WinCSCourse2023.WinForm.Lab2.Exercise9.csproj", "{F915E877-8CF3-4F96-953B-1FADCCBDE218}"
EndProject
Project("{FAE04EC0-301F-11D3-BF4B-00C04F79EFBC}") = "ITMO.WinCSCourse2023.Lab3.Exercise1", "ITMO.WinCSCourse2023.WinForm\ITMO.WinCSCourse2023.WinForm.Lab3\ITMO.WinCSCourse2023.WinForm.Lab3.Exercise1\ITMO.WinCSCourse2023.Lab3.Exercise1.csproj", "{378F8250-F2D1-43D1-ACD8-8D565F6B266E}"
EndProject
Project("{FAE04EC0-301F-11D3-BF4B-00C04F79EFBC}") = "ITMO.WinCSCourse2023.WinForm.Lab3.Exercise1CL", "ITMO.WinCSCourse2023.WinForm\ITMO.WinCSCourse2023.WinForm.Lab3\ITMO.WinCSCourse2023.WinForm.Lab3.Exercise1CL\ITMO.WinCSCourse2023.WinForm.Lab3.Exercise1CL.csproj", "{98D626E7-C5DB-4717-9559-02C2119CB1CD}"
EndProject
Project("{2150E333-8FDC-42A3-9474-1A3956D46DE8}") = "ITMO.WinCSCourse2023.WPF.Lab9", "ITMO.WinCSCourse2023.WPF.Lab9", "{AA978664-89C0-4E62-8C82-ACD4371FA331}"
	ProjectSection(SolutionItems) = preProject
		ITMO.WinCSCourse2023.WPF\ITMO.WinCSCourse2023.WPF.Lab9\ITMO.WinCSCourse2023.WPF.Lab9.sln = ITMO.WinCSCourse2023.WPF\ITMO.WinCSCourse2023.WPF.Lab9\ITMO.WinCSCourse2023.WPF.Lab9.sln
	EndProjectSection
EndProject
Project("{2150E333-8FDC-42A3-9474-1A3956D46DE8}") = "ITMO.WinCSCourse2023.WPF.Lab1", "ITMO.WinCSCourse2023.WPF.Lab1", "{306E83E4-43A2-487E-BA5B-A06534E66DFD}"
	ProjectSection(SolutionItems) = preProject
		ITMO.WinCSCourse2023.WPF\ITMO.WinCSCourse2023.WPF.Lab1\ITMO.WinCSCourse2023.WPF.Lab1.sln = ITMO.WinCSCourse2023.WPF\ITMO.WinCSCourse2023.WPF.Lab1\ITMO.WinCSCourse2023.WPF.Lab1.sln
	EndProjectSection
EndProject
Project("{2150E333-8FDC-42A3-9474-1A3956D46DE8}") = "ITMO.WinCSCourse2023.WPF.Lab2", "ITMO.WinCSCourse2023.WPF.Lab2", "{D5111BC1-9A59-4C69-A8F9-25A7CDA6683B}"
	ProjectSection(SolutionItems) = preProject
		ITMO.WinCSCourse2023.WPF\ITMO.WinCSCourse2023.WPF.Lab2\ITMO.WinCSCourse2023.WPF.Lab2.sln = ITMO.WinCSCourse2023.WPF\ITMO.WinCSCourse2023.WPF.Lab2\ITMO.WinCSCourse2023.WPF.Lab2.sln
	EndProjectSection
EndProject
Project("{FAE04EC0-301F-11D3-BF4B-00C04F79EFBC}") = "ITMO.WinCSCourse2023.WPF.Lab1.Task1", "ITMO.WinCSCourse2023.WPF\ITMO.WinCSCourse2023.WPF.Lab1\ITMO.WinCSCourse2023.WPF.Lab1.Task1\ITMO.WinCSCourse2023.WPF.Lab1.Task1.csproj", "{39B992BD-CFBB-4254-9D63-592741E0FF13}"
EndProject
Project("{FAE04EC0-301F-11D3-BF4B-00C04F79EFBC}") = "ITMO.WinCSCourse2023.WPF.Lab1.Task2", "ITMO.WinCSCourse2023.WPF\ITMO.WinCSCourse2023.WPF.Lab1\ITMO.WinCSCourse2023.WPF.Lab1.Task2\ITMO.WinCSCourse2023.WPF.Lab1.Task2.csproj", "{BCD20B42-6468-4B7E-AF7E-291912A61D66}"
EndProject
Project("{FAE04EC0-301F-11D3-BF4B-00C04F79EFBC}") = "ITMO.WinCSCourse2023.WPF.Lab1.Task3", "ITMO.WinCSCourse2023.WPF\ITMO.WinCSCourse2023.WPF.Lab1\ITMO.WinCSCourse2023.WPF.Lab1.Task3\ITMO.WinCSCourse2023.WPF.Lab1.Task3.csproj", "{D35B10B9-E8DC-428A-A0AC-2F9EB1548FB5}"
EndProject
Project("{FAE04EC0-301F-11D3-BF4B-00C04F79EFBC}") = "ITMO.WinCSCourse2023.WPF.Lab1.Task4", "ITMO.WinCSCourse2023.WPF\ITMO.WinCSCourse2023.WPF.Lab1\ITMO.WinCSCourse2023.WPF.Lab1.Task4\ITMO.WinCSCourse2023.WPF.Lab1.Task4.csproj", "{C8BF8AA8-3F70-4A5A-AC83-1DAB1A082DED}"
EndProject
Project("{FAE04EC0-301F-11D3-BF4B-00C04F79EFBC}") = "ITMO.WinCSCourse2023.WPF.Lab2.Task1", "ITMO.WinCSCourse2023.WPF\ITMO.WinCSCourse2023.WPF.Lab2\ITMO.WinCSCourse2023.WPF.Lab2.Task1\ITMO.WinCSCourse2023.WPF.Lab2.Task1.csproj", "{BBEB35BA-189C-4CA0-B7A6-57D29114EC10}"
EndProject
Project("{FAE04EC0-301F-11D3-BF4B-00C04F79EFBC}") = "ITMO.WinCSCourse2023.WPF.Lab2.Task2", "ITMO.WinCSCourse2023.WPF\ITMO.WinCSCourse2023.WPF.Lab2\ITMO.WinCSCourse2023.WPF.Lab2.Task2\ITMO.WinCSCourse2023.WPF.Lab2.Task2.csproj", "{B777617F-DF04-4598-B2CF-64063F346B36}"
EndProject
Project("{FAE04EC0-301F-11D3-BF4B-00C04F79EFBC}") = "ITMO.WinCSCourse2023.WPF.Lab9.Task1", "ITMO.WinCSCourse2023.WPF\ITMO.WinCSCourse2023.WPF.Lab9\ITMO.WinCSCourse2023.WPF.Lab9.Task1\ITMO.WinCSCourse2023.WPF.Lab9.Task1.csproj", "{803115D9-8B13-4454-8C4B-A824E5613E9B}"
EndProject
Project("{2150E333-8FDC-42A3-9474-1A3956D46DE8}") = "ITMO.WinCSCourse2023.WPF.Lab4", "ITMO.WinCSCourse2023.WPF.Lab4", "{8A042F13-79D5-453A-A636-AC81C98A9982}"
	ProjectSection(SolutionItems) = preProject
		ITMO.WinCSCourse2023.WPF\ITMO.WinCSCourse2023.WPF.Lab4\ITMO.WinCSCourse2023.WPF.Lab4.sln = ITMO.WinCSCourse2023.WPF\ITMO.WinCSCourse2023.WPF.Lab4\ITMO.WinCSCourse2023.WPF.Lab4.sln
	EndProjectSection
EndProject
Project("{FAE04EC0-301F-11D3-BF4B-00C04F79EFBC}") = "ITMO.WinCSCourse2023.WPF.Lab4.Task1", "ITMO.WinCSCourse2023.WPF\ITMO.WinCSCourse2023.WPF.Lab4\ITMO.WinCSCourse2023.WPF.Lab4.Task1\ITMO.WinCSCourse2023.WPF.Lab4.Task1.csproj", "{E18CF70F-EA1B-4E00-8B8F-DAF3DE66FFAA}"
EndProject
Project("{FAE04EC0-301F-11D3-BF4B-00C04F79EFBC}") = "ITMO.WinCSCourse2023.WPF.Lab4.Task2", "ITMO.WinCSCourse2023.WPF\ITMO.WinCSCourse2023.WPF.Lab4\ITMO.WinCSCourse2023.WPF.Lab4.Task2\ITMO.WinCSCourse2023.WPF.Lab4.Task2.csproj", "{1C8F9A83-6FD2-4ABD-BF41-2F98E99FBE1A}"
EndProject
Project("{FAE04EC0-301F-11D3-BF4B-00C04F79EFBC}") = "ITMO.WinCSCourse2023.WPF.Lab4.Task3", "ITMO.WinCSCourse2023.WPF\ITMO.WinCSCourse2023.WPF.Lab4\ITMO.WinCSCourse2023.WPF.Lab4.Task3\ITMO.WinCSCourse2023.WPF.Lab4.Task3.csproj", "{3F98EA21-365D-4587-84E8-12BB70E04A5D}"
EndProject
Global
	GlobalSection(SolutionConfigurationPlatforms) = preSolution
		Debug|Any CPU = Debug|Any CPU
		Release|Any CPU = Release|Any CPU
	EndGlobalSection
	GlobalSection(ProjectConfigurationPlatforms) = postSolution
		{A27CBA1C-371A-4708-BB01-9848A8B50505}.Debug|Any CPU.ActiveCfg = Debug|Any CPU
		{A27CBA1C-371A-4708-BB01-9848A8B50505}.Debug|Any CPU.Build.0 = Debug|Any CPU
		{A27CBA1C-371A-4708-BB01-9848A8B50505}.Release|Any CPU.ActiveCfg = Release|Any CPU
		{A27CBA1C-371A-4708-BB01-9848A8B50505}.Release|Any CPU.Build.0 = Release|Any CPU
		{7F7263E5-3F2C-4191-91B0-9A7991AD5FCB}.Debug|Any CPU.ActiveCfg = Debug|Any CPU
		{7F7263E5-3F2C-4191-91B0-9A7991AD5FCB}.Debug|Any CPU.Build.0 = Debug|Any CPU
		{7F7263E5-3F2C-4191-91B0-9A7991AD5FCB}.Release|Any CPU.ActiveCfg = Release|Any CPU
		{7F7263E5-3F2C-4191-91B0-9A7991AD5FCB}.Release|Any CPU.Build.0 = Release|Any CPU
		{0BC9EE17-10A0-491E-8C2F-7FCADB506C21}.Debug|Any CPU.ActiveCfg = Debug|Any CPU
		{0BC9EE17-10A0-491E-8C2F-7FCADB506C21}.Debug|Any CPU.Build.0 = Debug|Any CPU
		{0BC9EE17-10A0-491E-8C2F-7FCADB506C21}.Release|Any CPU.ActiveCfg = Release|Any CPU
		{0BC9EE17-10A0-491E-8C2F-7FCADB506C21}.Release|Any CPU.Build.0 = Release|Any CPU
		{49E29CD7-9F5C-4CDE-9570-B94BA8D3BA49}.Debug|Any CPU.ActiveCfg = Debug|Any CPU
		{49E29CD7-9F5C-4CDE-9570-B94BA8D3BA49}.Debug|Any CPU.Build.0 = Debug|Any CPU
		{49E29CD7-9F5C-4CDE-9570-B94BA8D3BA49}.Release|Any CPU.ActiveCfg = Release|Any CPU
		{49E29CD7-9F5C-4CDE-9570-B94BA8D3BA49}.Release|Any CPU.Build.0 = Release|Any CPU
		{41AB875C-E165-42B1-8F8B-D351D928E2EA}.Debug|Any CPU.ActiveCfg = Debug|Any CPU
		{41AB875C-E165-42B1-8F8B-D351D928E2EA}.Debug|Any CPU.Build.0 = Debug|Any CPU
		{41AB875C-E165-42B1-8F8B-D351D928E2EA}.Release|Any CPU.ActiveCfg = Release|Any CPU
		{41AB875C-E165-42B1-8F8B-D351D928E2EA}.Release|Any CPU.Build.0 = Release|Any CPU
		{17E3408E-503E-4269-8064-3CEC16E1ACBC}.Debug|Any CPU.ActiveCfg = Debug|Any CPU
		{17E3408E-503E-4269-8064-3CEC16E1ACBC}.Debug|Any CPU.Build.0 = Debug|Any CPU
		{17E3408E-503E-4269-8064-3CEC16E1ACBC}.Release|Any CPU.ActiveCfg = Release|Any CPU
		{17E3408E-503E-4269-8064-3CEC16E1ACBC}.Release|Any CPU.Build.0 = Release|Any CPU
		{F2C363F7-8EF4-4084-B326-947E70DAB49C}.Debug|Any CPU.ActiveCfg = Debug|Any CPU
		{F2C363F7-8EF4-4084-B326-947E70DAB49C}.Debug|Any CPU.Build.0 = Debug|Any CPU
		{F2C363F7-8EF4-4084-B326-947E70DAB49C}.Release|Any CPU.ActiveCfg = Release|Any CPU
		{F2C363F7-8EF4-4084-B326-947E70DAB49C}.Release|Any CPU.Build.0 = Release|Any CPU
		{74103921-C065-4E79-B675-5C4A56AF81FB}.Debug|Any CPU.ActiveCfg = Debug|Any CPU
		{74103921-C065-4E79-B675-5C4A56AF81FB}.Debug|Any CPU.Build.0 = Debug|Any CPU
		{74103921-C065-4E79-B675-5C4A56AF81FB}.Release|Any CPU.ActiveCfg = Release|Any CPU
		{74103921-C065-4E79-B675-5C4A56AF81FB}.Release|Any CPU.Build.0 = Release|Any CPU
		{4CA6B163-564C-4170-9A4F-7EAF81C67CA1}.Debug|Any CPU.ActiveCfg = Debug|Any CPU
		{4CA6B163-564C-4170-9A4F-7EAF81C67CA1}.Debug|Any CPU.Build.0 = Debug|Any CPU
		{4CA6B163-564C-4170-9A4F-7EAF81C67CA1}.Release|Any CPU.ActiveCfg = Release|Any CPU
		{4CA6B163-564C-4170-9A4F-7EAF81C67CA1}.Release|Any CPU.Build.0 = Release|Any CPU
		{AEF7E0FF-D147-4D58-ADF5-E8ED6953D583}.Debug|Any CPU.ActiveCfg = Debug|Any CPU
		{AEF7E0FF-D147-4D58-ADF5-E8ED6953D583}.Debug|Any CPU.Build.0 = Debug|Any CPU
		{AEF7E0FF-D147-4D58-ADF5-E8ED6953D583}.Release|Any CPU.ActiveCfg = Release|Any CPU
		{AEF7E0FF-D147-4D58-ADF5-E8ED6953D583}.Release|Any CPU.Build.0 = Release|Any CPU
		{BA67EB16-8C5B-4572-8ED8-C0E89A90226D}.Debug|Any CPU.ActiveCfg = Debug|Any CPU
		{BA67EB16-8C5B-4572-8ED8-C0E89A90226D}.Debug|Any CPU.Build.0 = Debug|Any CPU
		{BA67EB16-8C5B-4572-8ED8-C0E89A90226D}.Release|Any CPU.ActiveCfg = Release|Any CPU
		{BA67EB16-8C5B-4572-8ED8-C0E89A90226D}.Release|Any CPU.Build.0 = Release|Any CPU
		{69241D53-2839-4B46-A5A1-338E3E718BD3}.Debug|Any CPU.ActiveCfg = Debug|Any CPU
		{69241D53-2839-4B46-A5A1-338E3E718BD3}.Debug|Any CPU.Build.0 = Debug|Any CPU
		{69241D53-2839-4B46-A5A1-338E3E718BD3}.Release|Any CPU.ActiveCfg = Release|Any CPU
		{69241D53-2839-4B46-A5A1-338E3E718BD3}.Release|Any CPU.Build.0 = Release|Any CPU
		{A97CB7B5-4257-4CC5-81DB-106D220B369A}.Debug|Any CPU.ActiveCfg = Debug|Any CPU
		{A97CB7B5-4257-4CC5-81DB-106D220B369A}.Debug|Any CPU.Build.0 = Debug|Any CPU
		{A97CB7B5-4257-4CC5-81DB-106D220B369A}.Release|Any CPU.ActiveCfg = Release|Any CPU
		{A97CB7B5-4257-4CC5-81DB-106D220B369A}.Release|Any CPU.Build.0 = Release|Any CPU
		{E672C53A-C825-499B-8906-5F6F930D15BA}.Debug|Any CPU.ActiveCfg = Debug|Any CPU
		{E672C53A-C825-499B-8906-5F6F930D15BA}.Debug|Any CPU.Build.0 = Debug|Any CPU
		{E672C53A-C825-499B-8906-5F6F930D15BA}.Release|Any CPU.ActiveCfg = Release|Any CPU
		{E672C53A-C825-499B-8906-5F6F930D15BA}.Release|Any CPU.Build.0 = Release|Any CPU
		{7ABB2677-F6F8-43E3-9712-CD8E8E3662A5}.Debug|Any CPU.ActiveCfg = Debug|Any CPU
		{7ABB2677-F6F8-43E3-9712-CD8E8E3662A5}.Debug|Any CPU.Build.0 = Debug|Any CPU
		{7ABB2677-F6F8-43E3-9712-CD8E8E3662A5}.Release|Any CPU.ActiveCfg = Release|Any CPU
		{7ABB2677-F6F8-43E3-9712-CD8E8E3662A5}.Release|Any CPU.Build.0 = Release|Any CPU
		{F915E877-8CF3-4F96-953B-1FADCCBDE218}.Debug|Any CPU.ActiveCfg = Debug|Any CPU
		{F915E877-8CF3-4F96-953B-1FADCCBDE218}.Debug|Any CPU.Build.0 = Debug|Any CPU
		{F915E877-8CF3-4F96-953B-1FADCCBDE218}.Release|Any CPU.ActiveCfg = Release|Any CPU
		{F915E877-8CF3-4F96-953B-1FADCCBDE218}.Release|Any CPU.Build.0 = Release|Any CPU
		{378F8250-F2D1-43D1-ACD8-8D565F6B266E}.Debug|Any CPU.ActiveCfg = Debug|Any CPU
		{378F8250-F2D1-43D1-ACD8-8D565F6B266E}.Debug|Any CPU.Build.0 = Debug|Any CPU
		{378F8250-F2D1-43D1-ACD8-8D565F6B266E}.Release|Any CPU.ActiveCfg = Release|Any CPU
		{378F8250-F2D1-43D1-ACD8-8D565F6B266E}.Release|Any CPU.Build.0 = Release|Any CPU
		{98D626E7-C5DB-4717-9559-02C2119CB1CD}.Debug|Any CPU.ActiveCfg = Debug|Any CPU
		{98D626E7-C5DB-4717-9559-02C2119CB1CD}.Debug|Any CPU.Build.0 = Debug|Any CPU
		{98D626E7-C5DB-4717-9559-02C2119CB1CD}.Release|Any CPU.ActiveCfg = Release|Any CPU
		{98D626E7-C5DB-4717-9559-02C2119CB1CD}.Release|Any CPU.Build.0 = Release|Any CPU
		{39B992BD-CFBB-4254-9D63-592741E0FF13}.Debug|Any CPU.ActiveCfg = Debug|Any CPU
		{39B992BD-CFBB-4254-9D63-592741E0FF13}.Debug|Any CPU.Build.0 = Debug|Any CPU
		{39B992BD-CFBB-4254-9D63-592741E0FF13}.Release|Any CPU.ActiveCfg = Release|Any CPU
		{39B992BD-CFBB-4254-9D63-592741E0FF13}.Release|Any CPU.Build.0 = Release|Any CPU
		{BCD20B42-6468-4B7E-AF7E-291912A61D66}.Debug|Any CPU.ActiveCfg = Debug|Any CPU
		{BCD20B42-6468-4B7E-AF7E-291912A61D66}.Debug|Any CPU.Build.0 = Debug|Any CPU
		{BCD20B42-6468-4B7E-AF7E-291912A61D66}.Release|Any CPU.ActiveCfg = Release|Any CPU
		{BCD20B42-6468-4B7E-AF7E-291912A61D66}.Release|Any CPU.Build.0 = Release|Any CPU
		{D35B10B9-E8DC-428A-A0AC-2F9EB1548FB5}.Debug|Any CPU.ActiveCfg = Debug|Any CPU
		{D35B10B9-E8DC-428A-A0AC-2F9EB1548FB5}.Debug|Any CPU.Build.0 = Debug|Any CPU
		{D35B10B9-E8DC-428A-A0AC-2F9EB1548FB5}.Release|Any CPU.ActiveCfg = Release|Any CPU
		{D35B10B9-E8DC-428A-A0AC-2F9EB1548FB5}.Release|Any CPU.Build.0 = Release|Any CPU
		{C8BF8AA8-3F70-4A5A-AC83-1DAB1A082DED}.Debug|Any CPU.ActiveCfg = Debug|Any CPU
		{C8BF8AA8-3F70-4A5A-AC83-1DAB1A082DED}.Debug|Any CPU.Build.0 = Debug|Any CPU
		{C8BF8AA8-3F70-4A5A-AC83-1DAB1A082DED}.Release|Any CPU.ActiveCfg = Release|Any CPU
		{C8BF8AA8-3F70-4A5A-AC83-1DAB1A082DED}.Release|Any CPU.Build.0 = Release|Any CPU
		{BBEB35BA-189C-4CA0-B7A6-57D29114EC10}.Debug|Any CPU.ActiveCfg = Debug|Any CPU
		{BBEB35BA-189C-4CA0-B7A6-57D29114EC10}.Debug|Any CPU.Build.0 = Debug|Any CPU
		{BBEB35BA-189C-4CA0-B7A6-57D29114EC10}.Release|Any CPU.ActiveCfg = Release|Any CPU
		{BBEB35BA-189C-4CA0-B7A6-57D29114EC10}.Release|Any CPU.Build.0 = Release|Any CPU
		{B777617F-DF04-4598-B2CF-64063F346B36}.Debug|Any CPU.ActiveCfg = Debug|Any CPU
		{B777617F-DF04-4598-B2CF-64063F346B36}.Debug|Any CPU.Build.0 = Debug|Any CPU
		{B777617F-DF04-4598-B2CF-64063F346B36}.Release|Any CPU.ActiveCfg = Release|Any CPU
		{B777617F-DF04-4598-B2CF-64063F346B36}.Release|Any CPU.Build.0 = Release|Any CPU
		{803115D9-8B13-4454-8C4B-A824E5613E9B}.Debug|Any CPU.ActiveCfg = Debug|Any CPU
		{803115D9-8B13-4454-8C4B-A824E5613E9B}.Debug|Any CPU.Build.0 = Debug|Any CPU
		{803115D9-8B13-4454-8C4B-A824E5613E9B}.Release|Any CPU.ActiveCfg = Release|Any CPU
		{803115D9-8B13-4454-8C4B-A824E5613E9B}.Release|Any CPU.Build.0 = Release|Any CPU
		{E18CF70F-EA1B-4E00-8B8F-DAF3DE66FFAA}.Debug|Any CPU.ActiveCfg = Debug|Any CPU
		{E18CF70F-EA1B-4E00-8B8F-DAF3DE66FFAA}.Debug|Any CPU.Build.0 = Debug|Any CPU
		{E18CF70F-EA1B-4E00-8B8F-DAF3DE66FFAA}.Release|Any CPU.ActiveCfg = Release|Any CPU
		{E18CF70F-EA1B-4E00-8B8F-DAF3DE66FFAA}.Release|Any CPU.Build.0 = Release|Any CPU
		{1C8F9A83-6FD2-4ABD-BF41-2F98E99FBE1A}.Debug|Any CPU.ActiveCfg = Debug|Any CPU
		{1C8F9A83-6FD2-4ABD-BF41-2F98E99FBE1A}.Debug|Any CPU.Build.0 = Debug|Any CPU
		{1C8F9A83-6FD2-4ABD-BF41-2F98E99FBE1A}.Release|Any CPU.ActiveCfg = Release|Any CPU
		{1C8F9A83-6FD2-4ABD-BF41-2F98E99FBE1A}.Release|Any CPU.Build.0 = Release|Any CPU
		{3F98EA21-365D-4587-84E8-12BB70E04A5D}.Debug|Any CPU.ActiveCfg = Debug|Any CPU
		{3F98EA21-365D-4587-84E8-12BB70E04A5D}.Debug|Any CPU.Build.0 = Debug|Any CPU
		{3F98EA21-365D-4587-84E8-12BB70E04A5D}.Release|Any CPU.ActiveCfg = Release|Any CPU
		{3F98EA21-365D-4587-84E8-12BB70E04A5D}.Release|Any CPU.Build.0 = Release|Any CPU
	EndGlobalSection
	GlobalSection(SolutionProperties) = preSolution
		HideSolutionNode = FALSE
	EndGlobalSection
	GlobalSection(NestedProjects) = preSolution
		{A27CBA1C-371A-4708-BB01-9848A8B50505} = {A2F785CE-3837-447C-AB72-E16D4ED1F84C}
		{A50509E6-90E5-4985-9D1D-8A562A3CFC9E} = {94443126-7112-42B8-BB41-67D452449782}
		{1513F31E-F0DB-4F08-ACBF-1FE8054E1600} = {94443126-7112-42B8-BB41-67D452449782}
		{D70764CA-E3CB-47A0-9EFD-0980A6160606} = {94443126-7112-42B8-BB41-67D452449782}
		{7F7263E5-3F2C-4191-91B0-9A7991AD5FCB} = {D70764CA-E3CB-47A0-9EFD-0980A6160606}
		{0BC9EE17-10A0-491E-8C2F-7FCADB506C21} = {D70764CA-E3CB-47A0-9EFD-0980A6160606}
		{49E29CD7-9F5C-4CDE-9570-B94BA8D3BA49} = {D70764CA-E3CB-47A0-9EFD-0980A6160606}
		{41AB875C-E165-42B1-8F8B-D351D928E2EA} = {D70764CA-E3CB-47A0-9EFD-0980A6160606}
		{17E3408E-503E-4269-8064-3CEC16E1ACBC} = {D70764CA-E3CB-47A0-9EFD-0980A6160606}
		{F2C363F7-8EF4-4084-B326-947E70DAB49C} = {D70764CA-E3CB-47A0-9EFD-0980A6160606}
		{74103921-C065-4E79-B675-5C4A56AF81FB} = {1513F31E-F0DB-4F08-ACBF-1FE8054E1600}
		{4CA6B163-564C-4170-9A4F-7EAF81C67CA1} = {1513F31E-F0DB-4F08-ACBF-1FE8054E1600}
		{AEF7E0FF-D147-4D58-ADF5-E8ED6953D583} = {1513F31E-F0DB-4F08-ACBF-1FE8054E1600}
		{BA67EB16-8C5B-4572-8ED8-C0E89A90226D} = {1513F31E-F0DB-4F08-ACBF-1FE8054E1600}
		{69241D53-2839-4B46-A5A1-338E3E718BD3} = {1513F31E-F0DB-4F08-ACBF-1FE8054E1600}
		{A97CB7B5-4257-4CC5-81DB-106D220B369A} = {1513F31E-F0DB-4F08-ACBF-1FE8054E1600}
		{E672C53A-C825-499B-8906-5F6F930D15BA} = {1513F31E-F0DB-4F08-ACBF-1FE8054E1600}
		{7ABB2677-F6F8-43E3-9712-CD8E8E3662A5} = {1513F31E-F0DB-4F08-ACBF-1FE8054E1600}
		{F915E877-8CF3-4F96-953B-1FADCCBDE218} = {1513F31E-F0DB-4F08-ACBF-1FE8054E1600}
		{378F8250-F2D1-43D1-ACD8-8D565F6B266E} = {A50509E6-90E5-4985-9D1D-8A562A3CFC9E}
		{98D626E7-C5DB-4717-9559-02C2119CB1CD} = {A50509E6-90E5-4985-9D1D-8A562A3CFC9E}
		{AA978664-89C0-4E62-8C82-ACD4371FA331} = {B0BA5731-23CF-4201-8321-ABD118DB75B5}
		{306E83E4-43A2-487E-BA5B-A06534E66DFD} = {B0BA5731-23CF-4201-8321-ABD118DB75B5}
		{D5111BC1-9A59-4C69-A8F9-25A7CDA6683B} = {B0BA5731-23CF-4201-8321-ABD118DB75B5}
		{39B992BD-CFBB-4254-9D63-592741E0FF13} = {306E83E4-43A2-487E-BA5B-A06534E66DFD}
		{BCD20B42-6468-4B7E-AF7E-291912A61D66} = {306E83E4-43A2-487E-BA5B-A06534E66DFD}
		{D35B10B9-E8DC-428A-A0AC-2F9EB1548FB5} = {306E83E4-43A2-487E-BA5B-A06534E66DFD}
		{C8BF8AA8-3F70-4A5A-AC83-1DAB1A082DED} = {306E83E4-43A2-487E-BA5B-A06534E66DFD}
		{BBEB35BA-189C-4CA0-B7A6-57D29114EC10} = {D5111BC1-9A59-4C69-A8F9-25A7CDA6683B}
		{B777617F-DF04-4598-B2CF-64063F346B36} = {D5111BC1-9A59-4C69-A8F9-25A7CDA6683B}
		{803115D9-8B13-4454-8C4B-A824E5613E9B} = {AA978664-89C0-4E62-8C82-ACD4371FA331}
		{8A042F13-79D5-453A-A636-AC81C98A9982} = {B0BA5731-23CF-4201-8321-ABD118DB75B5}
		{E18CF70F-EA1B-4E00-8B8F-DAF3DE66FFAA} = {8A042F13-79D5-453A-A636-AC81C98A9982}
		{1C8F9A83-6FD2-4ABD-BF41-2F98E99FBE1A} = {8A042F13-79D5-453A-A636-AC81C98A9982}
		{3F98EA21-365D-4587-84E8-12BB70E04A5D} = {8A042F13-79D5-453A-A636-AC81C98A9982}
	EndGlobalSection
	GlobalSection(ExtensibilityGlobals) = postSolution
		SolutionGuid = {9A560F06-B3B7-4BF1-99C1-282B9FDDCF43}
	EndGlobalSection
EndGlobal
